[[package]]
name = "python-frontmatter"
version = "1.0.0"
description = "Parse and manage posts with YAML (or other) frontmatter"
category = "main"
optional = false
python-versions = "*"

[package.dependencies]
PyYAML = "*"

[package.extras]
docs = ["sphinx"]
test = ["pytest", "toml", "pyaml"]

[[package]]
name = "pyyaml"
version = "6.0"
description = "YAML parser and emitter for Python"
category = "main"
optional = false
python-versions = ">=3.6"

[metadata]
lock-version = "1.1"
python-versions = "^3.9"
content-hash = "99ac1f375005da9f2b829f2f3e7e72b07450c47f138935085b5c258b037b5540"

[metadata.files]
python-frontmatter = []
pyyaml = []
